
Microsoft Visual Studio Solution File, Format Version 12.00
# Visual Studio Version 16
VisualStudioVersion = 16.0.29001.49
MinimumVisualStudioVersion = 10.0.40219.1
Project("{9A19103F-16F7-4668-BE54-9A1E7A4F7556}") = "LiveBot", "LiveBot3\LiveBot.csproj", "{3965A89D-B480-49C7-9FD4-401C0CF36F83}"
EndProject
Global
	GlobalSection(SolutionConfigurationPlatforms) = preSolution
		Debug|Any CPU = Debug|Any CPU
		Debug|x64 = Debug|x64
		Release|Any CPU = Release|Any CPU
		Release|x64 = Release|x64
	EndGlobalSection
	GlobalSection(ProjectConfigurationPlatforms) = postSolution
		{3965A89D-B480-49C7-9FD4-401C0CF36F83}.Debug|Any CPU.ActiveCfg = Debug|Any CPU
		{3965A89D-B480-49C7-9FD4-401C0CF36F83}.Debug|Any CPU.Build.0 = Debug|Any CPU
		{3965A89D-B480-49C7-9FD4-401C0CF36F83}.Debug|x64.ActiveCfg = Debug|Any CPU
		{3965A89D-B480-49C7-9FD4-401C0CF36F83}.Debug|x64.Build.0 = Debug|Any CPU
		{3965A89D-B480-49C7-9FD4-401C0CF36F83}.Release|Any CPU.ActiveCfg = Release|Any CPU
		{3965A89D-B480-49C7-9FD4-401C0CF36F83}.Release|Any CPU.Build.0 = Release|Any CPU
		{3965A89D-B480-49C7-9FD4-401C0CF36F83}.Release|x64.ActiveCfg = Release|Any CPU
		{3965A89D-B480-49C7-9FD4-401C0CF36F83}.Release|x64.Build.0 = Release|Any CPU
	EndGlobalSection
	GlobalSection(SolutionProperties) = preSolution
		HideSolutionNode = FALSE
	EndGlobalSection
	GlobalSection(ExtensibilityGlobals) = postSolution
		SolutionGuid = {5026471A-0080-49B1-B697-D523ABB540DF}
	EndGlobalSection
EndGlobal
